
Microsoft Visual Studio Solution File, Format Version 12.00
# Visual Studio 2013
VisualStudioVersion = 12.0.31101.0
MinimumVisualStudioVersion = 10.0.40219.1
Project("{FAE04EC0-301F-11D3-BF4B-00C04F79EFBC}") = "PV178.HW2", "PV178.HW2\PV178.HW2.csproj", "{2EBFA018-64C5-40DA-AE10-B1FBB99DA993}"
EndProject
Project("{FAE04EC0-301F-11D3-BF4B-00C04F79EFBC}") = "PV178.HW2.Tests", "PV178.HW2.Tests\PV178.HW2.Tests.csproj", "{87ECC031-A99A-4924-BD85-6FDDACF3A74E}"
EndProject
Global
	GlobalSection(SolutionConfigurationPlatforms) = preSolution
		Debug|Any CPU = Debug|Any CPU
		Release|Any CPU = Release|Any CPU
	EndGlobalSection
	GlobalSection(ProjectConfigurationPlatforms) = postSolution
		{2EBFA018-64C5-40DA-AE10-B1FBB99DA993}.Debug|Any CPU.ActiveCfg = Debug|Any CPU
		{2EBFA018-64C5-40DA-AE10-B1FBB99DA993}.Debug|Any CPU.Build.0 = Debug|Any CPU
		{2EBFA018-64C5-40DA-AE10-B1FBB99DA993}.Release|Any CPU.ActiveCfg = Release|Any CPU
		{2EBFA018-64C5-40DA-AE10-B1FBB99DA993}.Release|Any CPU.Build.0 = Release|Any CPU
		{87ECC031-A99A-4924-BD85-6FDDACF3A74E}.Debug|Any CPU.ActiveCfg = Debug|Any CPU
		{87ECC031-A99A-4924-BD85-6FDDACF3A74E}.Debug|Any CPU.Build.0 = Debug|Any CPU
		{87ECC031-A99A-4924-BD85-6FDDACF3A74E}.Release|Any CPU.ActiveCfg = Release|Any CPU
		{87ECC031-A99A-4924-BD85-6FDDACF3A74E}.Release|Any CPU.Build.0 = Release|Any CPU
	EndGlobalSection
	GlobalSection(SolutionProperties) = preSolution
		HideSolutionNode = FALSE
	EndGlobalSection
EndGlobal
