
Microsoft Visual Studio Solution File, Format Version 12.00
# Visual Studio 2013
VisualStudioVersion = 12.0.31101.0
MinimumVisualStudioVersion = 10.0.40219.1
Project("{FAE04EC0-301F-11D3-BF4B-00C04F79EFBC}") = "PV178.HW3", "PV178.HW3\PV178.HW3.csproj", "{B614B875-AE5C-486E-8471-E420A7DA7192}"
EndProject
Project("{FAE04EC0-301F-11D3-BF4B-00C04F79EFBC}") = "PV178.HW3.Tests", "PV178.HW3.Tests\PV178.HW3.Tests.csproj", "{7655AB57-BD29-4047-A2E8-0DB5931B4526}"
EndProject
Global
	GlobalSection(SolutionConfigurationPlatforms) = preSolution
		Debug|Any CPU = Debug|Any CPU
		Release|Any CPU = Release|Any CPU
	EndGlobalSection
	GlobalSection(ProjectConfigurationPlatforms) = postSolution
		{B614B875-AE5C-486E-8471-E420A7DA7192}.Debug|Any CPU.ActiveCfg = Debug|Any CPU
		{B614B875-AE5C-486E-8471-E420A7DA7192}.Debug|Any CPU.Build.0 = Debug|Any CPU
		{B614B875-AE5C-486E-8471-E420A7DA7192}.Release|Any CPU.ActiveCfg = Release|Any CPU
		{B614B875-AE5C-486E-8471-E420A7DA7192}.Release|Any CPU.Build.0 = Release|Any CPU
		{7655AB57-BD29-4047-A2E8-0DB5931B4526}.Debug|Any CPU.ActiveCfg = Debug|Any CPU
		{7655AB57-BD29-4047-A2E8-0DB5931B4526}.Debug|Any CPU.Build.0 = Debug|Any CPU
		{7655AB57-BD29-4047-A2E8-0DB5931B4526}.Release|Any CPU.ActiveCfg = Release|Any CPU
		{7655AB57-BD29-4047-A2E8-0DB5931B4526}.Release|Any CPU.Build.0 = Release|Any CPU
	EndGlobalSection
	GlobalSection(SolutionProperties) = preSolution
		HideSolutionNode = FALSE
	EndGlobalSection
EndGlobal
