
Microsoft Visual Studio Solution File, Format Version 12.00
# Visual Studio 2013
VisualStudioVersion = 12.0.30501.0
MinimumVisualStudioVersion = 10.0.40219.1
Project("{FAE04EC0-301F-11D3-BF4B-00C04F79EFBC}") = "cv04", "cv04\cv04.csproj", "{9056373E-62CE-4829-A67B-E1DEBED08687}"
EndProject
Project("{FAE04EC0-301F-11D3-BF4B-00C04F79EFBC}") = "ukol", "ukol\ukol.csproj", "{4DF53F8F-3BD9-45F6-8383-EF9463E20732}"
EndProject
Global
	GlobalSection(SolutionConfigurationPlatforms) = preSolution
		Debug|Any CPU = Debug|Any CPU
		Release|Any CPU = Release|Any CPU
	EndGlobalSection
	GlobalSection(ProjectConfigurationPlatforms) = postSolution
		{9056373E-62CE-4829-A67B-E1DEBED08687}.Debug|Any CPU.ActiveCfg = Debug|Any CPU
		{9056373E-62CE-4829-A67B-E1DEBED08687}.Debug|Any CPU.Build.0 = Debug|Any CPU
		{9056373E-62CE-4829-A67B-E1DEBED08687}.Release|Any CPU.ActiveCfg = Release|Any CPU
		{9056373E-62CE-4829-A67B-E1DEBED08687}.Release|Any CPU.Build.0 = Release|Any CPU
		{4DF53F8F-3BD9-45F6-8383-EF9463E20732}.Debug|Any CPU.ActiveCfg = Debug|Any CPU
		{4DF53F8F-3BD9-45F6-8383-EF9463E20732}.Debug|Any CPU.Build.0 = Debug|Any CPU
		{4DF53F8F-3BD9-45F6-8383-EF9463E20732}.Release|Any CPU.ActiveCfg = Release|Any CPU
		{4DF53F8F-3BD9-45F6-8383-EF9463E20732}.Release|Any CPU.Build.0 = Release|Any CPU
	EndGlobalSection
	GlobalSection(SolutionProperties) = preSolution
		HideSolutionNode = FALSE
	EndGlobalSection
EndGlobal
