
Microsoft Visual Studio Solution File, Format Version 12.00
# Visual Studio 2013
VisualStudioVersion = 12.0.31101.0
MinimumVisualStudioVersion = 10.0.40219.1
Project("{FAE04EC0-301F-11D3-BF4B-00C04F79EFBC}") = "PV178.HW5", "PV178.HW5\PV178.HW5.csproj", "{2169D4AD-7AAF-4597-B3CB-6C2E2870B8CC}"
EndProject
Project("{FAE04EC0-301F-11D3-BF4B-00C04F79EFBC}") = "PV178.HW5.Tests", "PV178.HW5.Tests\PV178.HW5.Tests.csproj", "{A5E2335A-60AF-4F6D-ACE7-F2FF6D8DCDA2}"
EndProject
Global
	GlobalSection(SolutionConfigurationPlatforms) = preSolution
		Debug|Any CPU = Debug|Any CPU
		Release|Any CPU = Release|Any CPU
	EndGlobalSection
	GlobalSection(ProjectConfigurationPlatforms) = postSolution
		{2169D4AD-7AAF-4597-B3CB-6C2E2870B8CC}.Debug|Any CPU.ActiveCfg = Debug|Any CPU
		{2169D4AD-7AAF-4597-B3CB-6C2E2870B8CC}.Debug|Any CPU.Build.0 = Debug|Any CPU
		{2169D4AD-7AAF-4597-B3CB-6C2E2870B8CC}.Release|Any CPU.ActiveCfg = Release|Any CPU
		{2169D4AD-7AAF-4597-B3CB-6C2E2870B8CC}.Release|Any CPU.Build.0 = Release|Any CPU
		{A5E2335A-60AF-4F6D-ACE7-F2FF6D8DCDA2}.Debug|Any CPU.ActiveCfg = Debug|Any CPU
		{A5E2335A-60AF-4F6D-ACE7-F2FF6D8DCDA2}.Debug|Any CPU.Build.0 = Debug|Any CPU
		{A5E2335A-60AF-4F6D-ACE7-F2FF6D8DCDA2}.Release|Any CPU.ActiveCfg = Release|Any CPU
		{A5E2335A-60AF-4F6D-ACE7-F2FF6D8DCDA2}.Release|Any CPU.Build.0 = Release|Any CPU
	EndGlobalSection
	GlobalSection(SolutionProperties) = preSolution
		HideSolutionNode = FALSE
	EndGlobalSection
EndGlobal
